Microsoft Visual Studio Solution File, Format Version 11.00
# Visual Studio 2008

Project("{0F65B2ED-FEF6-AB07-1DF4-BDC585C2762F}") = "Homework2", "Assembly-CSharp-firstpass-vs.csproj", "{3DFBAA15-A65F-6E6A-125A-F2FC6AB9C077}"
EndProject
Project("{0F65B2ED-FEF6-AB07-1DF4-BDC585C2762F}") = "Homework2", "Assembly-CSharp-vs.csproj", "{FA0E179C-2E3F-D446-3864-0DF22945CA40}"
EndProject
Project("{0F65B2ED-FEF6-AB07-1DF4-BDC585C2762F}") = "Homework2", "Assembly-CSharp-Editor-vs.csproj", "{8389D6F6-811F-3343-68A9-C5206E652C4B}"
EndProject
Global
	GlobalSection(SolutionConfigurationPlatforms) = preSolution
		Debug|Any CPU = Debug|Any CPU
		Release|Any CPU = Release|Any CPU
	EndGlobalSection
	GlobalSection(ProjectConfigurationPlatforms) = postSolution
		{3DFBAA15-A65F-6E6A-125A-F2FC6AB9C077}.Debug|Any CPU.ActiveCfg = Debug|Any CPU
		{3DFBAA15-A65F-6E6A-125A-F2FC6AB9C077}.Debug|Any CPU.Build.0 = Debug|Any CPU
		{3DFBAA15-A65F-6E6A-125A-F2FC6AB9C077}.Release|Any CPU.ActiveCfg = Release|Any CPU
		{3DFBAA15-A65F-6E6A-125A-F2FC6AB9C077}.Release|Any CPU.Build.0 = Release|Any CPU
		{FA0E179C-2E3F-D446-3864-0DF22945CA40}.Debug|Any CPU.ActiveCfg = Debug|Any CPU
		{FA0E179C-2E3F-D446-3864-0DF22945CA40}.Debug|Any CPU.Build.0 = Debug|Any CPU
		{FA0E179C-2E3F-D446-3864-0DF22945CA40}.Release|Any CPU.ActiveCfg = Release|Any CPU
		{FA0E179C-2E3F-D446-3864-0DF22945CA40}.Release|Any CPU.Build.0 = Release|Any CPU
		{8389D6F6-811F-3343-68A9-C5206E652C4B}.Debug|Any CPU.ActiveCfg = Debug|Any CPU
		{8389D6F6-811F-3343-68A9-C5206E652C4B}.Debug|Any CPU.Build.0 = Debug|Any CPU
		{8389D6F6-811F-3343-68A9-C5206E652C4B}.Release|Any CPU.ActiveCfg = Release|Any CPU
		{8389D6F6-811F-3343-68A9-C5206E652C4B}.Release|Any CPU.Build.0 = Release|Any CPU
	EndGlobalSection
	GlobalSection(SolutionProperties) = preSolution
		HideSolutionNode = FALSE
	EndGlobalSection
																													GlobalSection(MonoDevelopProperties) = preSolution
		StartupItem = Assembly-CSharp.csproj
		Policies = $0
		$0.TextStylePolicy = $1
		$1.inheritsSet = null
		$1.scope = text/x-csharp
		$0.CSharpFormattingPolicy = $2
		$2.inheritsSet = Mono
		$2.inheritsScope = text/x-csharp
		$2.scope = text/x-csharp
		$0.TextStylePolicy = $3
		$3.FileWidth = 120
		$3.TabWidth = 4
		$3.IndentWidth = 4
		$3.EolMarker = Unix
		$3.inheritsSet = Mono
		$3.inheritsScope = text/plain
		$3.scope = text/plain
	EndGlobalSection

EndGlobal
